
Microsoft Visual Studio Solution File, Format Version 12.00
# Visual Studio 2013
VisualStudioVersion = 12.0.40629.0
MinimumVisualStudioVersion = 10.0.40219.1
Project("{FAE04EC0-301F-11D3-BF4B-00C04F79EFBC}") = "MercadoPagoSDK", "px-dotnet\MercadoPagoSDK.csproj", "{DDF43089-BD23-4C5C-898D-A779118B563E}"
EndProject
Project("{FAE04EC0-301F-11D3-BF4B-00C04F79EFBC}") = "MercadoPagoSDK.Test", "MercadoPagoSDK.Test\MercadoPagoSDK.Test.csproj", "{8E0E8C0D-3015-4978-9CCC-E7AA401ED183}"
EndProject
Project("{2150E333-8FDC-42A3-9474-1A3956D46DE8}") = ".nuget", ".nuget", "{7FC5B956-8FD0-4E02-B832-A4E99DBA73C6}"
	ProjectSection(SolutionItems) = preProject
		.nuget\packages.config = .nuget\packages.config
	EndProjectSection
EndProject
Project("{2150E333-8FDC-42A3-9474-1A3956D46DE8}") = "Solution Items", "Solution Items", "{C97ABBCB-1DBC-4A68-9B64-E89AF0D59F81}"
	ProjectSection(SolutionItems) = preProject
		MPSettings.runsettings = MPSettings.runsettings
	EndProjectSection
EndProject
Global
	GlobalSection(SolutionConfigurationPlatforms) = preSolution
		Debug|Any CPU = Debug|Any CPU
		Release|Any CPU = Release|Any CPU
	EndGlobalSection
	GlobalSection(ProjectConfigurationPlatforms) = postSolution
		{DDF43089-BD23-4C5C-898D-A779118B563E}.Debug|Any CPU.ActiveCfg = Debug|Any CPU
		{DDF43089-BD23-4C5C-898D-A779118B563E}.Debug|Any CPU.Build.0 = Debug|Any CPU
		{DDF43089-BD23-4C5C-898D-A779118B563E}.Release|Any CPU.ActiveCfg = Release|Any CPU
		{DDF43089-BD23-4C5C-898D-A779118B563E}.Release|Any CPU.Build.0 = Release|Any CPU
		{8E0E8C0D-3015-4978-9CCC-E7AA401ED183}.Debug|Any CPU.ActiveCfg = Debug|Any CPU
		{8E0E8C0D-3015-4978-9CCC-E7AA401ED183}.Debug|Any CPU.Build.0 = Debug|Any CPU
		{8E0E8C0D-3015-4978-9CCC-E7AA401ED183}.Release|Any CPU.ActiveCfg = Release|Any CPU
		{8E0E8C0D-3015-4978-9CCC-E7AA401ED183}.Release|Any CPU.Build.0 = Release|Any CPU
	EndGlobalSection
	GlobalSection(SolutionProperties) = preSolution
		HideSolutionNode = FALSE
	EndGlobalSection
EndGlobal
